
Microsoft Visual Studio Solution File, Format Version 12.00
# Visual Studio Version 16
VisualStudioVersion = 16.0.29319.158
MinimumVisualStudioVersion = 10.0.40219.1
Project("{9A19103F-16F7-4668-BE54-9A1E7A4F7556}") = "CoolkyRecipeParser", "CoolkyRecipeParser.csproj", "{45CB97F3-58E7-47BE-BF6B-342AF4D226FB}"
EndProject
Project("{FAE04EC0-301F-11D3-BF4B-00C04F79EFBC}") = "CoolkyIngredientParser", "..\CoolkyIngredientParser\CoolkyIngredientParser.csproj", "{DA59C5B7-76A3-4A37-BFDB-A9D0C2FCAEFE}"
EndProject
Global
	GlobalSection(SolutionConfigurationPlatforms) = preSolution
		Debug|Any CPU = Debug|Any CPU
		Release|Any CPU = Release|Any CPU
	EndGlobalSection
	GlobalSection(ProjectConfigurationPlatforms) = postSolution
		{45CB97F3-58E7-47BE-BF6B-342AF4D226FB}.Debug|Any CPU.ActiveCfg = Debug|Any CPU
		{45CB97F3-58E7-47BE-BF6B-342AF4D226FB}.Debug|Any CPU.Build.0 = Debug|Any CPU
		{45CB97F3-58E7-47BE-BF6B-342AF4D226FB}.Release|Any CPU.ActiveCfg = Release|Any CPU
		{45CB97F3-58E7-47BE-BF6B-342AF4D226FB}.Release|Any CPU.Build.0 = Release|Any CPU
		{DA59C5B7-76A3-4A37-BFDB-A9D0C2FCAEFE}.Debug|Any CPU.ActiveCfg = Debug|Any CPU
		{DA59C5B7-76A3-4A37-BFDB-A9D0C2FCAEFE}.Debug|Any CPU.Build.0 = Debug|Any CPU
		{DA59C5B7-76A3-4A37-BFDB-A9D0C2FCAEFE}.Release|Any CPU.ActiveCfg = Release|Any CPU
		{DA59C5B7-76A3-4A37-BFDB-A9D0C2FCAEFE}.Release|Any CPU.Build.0 = Release|Any CPU
	EndGlobalSection
	GlobalSection(SolutionProperties) = preSolution
		HideSolutionNode = FALSE
	EndGlobalSection
	GlobalSection(ExtensibilityGlobals) = postSolution
		SolutionGuid = {63410268-C472-4D1F-AE32-D89832F59235}
	EndGlobalSection
EndGlobal
